
Microsoft Visual Studio Solution File, Format Version 12.00
# Visual Studio Version 16
VisualStudioVersion = 16.0.29123.88
MinimumVisualStudioVersion = 10.0.40219.1
Project("{FAE04EC0-301F-11D3-BF4B-00C04F79EFBC}") = "Lab4", "Lab4\Lab4.csproj", "{4CE3BA7C-1B22-41E3-A7B1-554397E97E26}"
EndProject
Global
	GlobalSection(SolutionConfigurationPlatforms) = preSolution
		Debug|Any CPU = Debug|Any CPU
		Release|Any CPU = Release|Any CPU
	EndGlobalSection
	GlobalSection(ProjectConfigurationPlatforms) = postSolution
		{4CE3BA7C-1B22-41E3-A7B1-554397E97E26}.Debug|Any CPU.ActiveCfg = Debug|Any CPU
		{4CE3BA7C-1B22-41E3-A7B1-554397E97E26}.Debug|Any CPU.Build.0 = Debug|Any CPU
		{4CE3BA7C-1B22-41E3-A7B1-554397E97E26}.Release|Any CPU.ActiveCfg = Release|Any CPU
		{4CE3BA7C-1B22-41E3-A7B1-554397E97E26}.Release|Any CPU.Build.0 = Release|Any CPU
	EndGlobalSection
	GlobalSection(SolutionProperties) = preSolution
		HideSolutionNode = FALSE
	EndGlobalSection
	GlobalSection(ExtensibilityGlobals) = postSolution
		SolutionGuid = {B5B9FC26-5125-44E7-9A04-394E39ACC132}
	EndGlobalSection
EndGlobal
